// !$*UTF8*$!
{
	archiveVersion = 1;
	classes = {
	};
	objectVersion = 56;
	objects = {

/* Begin PBXBuildFile section */
		B00102000000000000000001 /* Assets.xcassets in Resources */ = {isa = PBXBuildFile; fileRef = B001010000000000000000001 /* Assets.xcassets */; };
		B00102010000000000000001 /* MemoryFlowIslandApp.swift in Sources */ = {isa = PBXBuildFile; fileRef = B00101010000000000000001 /* MemoryFlowIslandApp.swift */; };
		B00102020000000000000001 /* AppDelegate.swift in Sources */ = {isa = PBXBuildFile; fileRef = B00101020000000000000001 /* AppDelegate.swift */; };
		B00102030000000000000001 /* SceneCoordinator.swift in Sources */ = {isa = PBXBuildFile; fileRef = B00101030000000000000001 /* SceneCoordinator.swift */; };
		B00102040000000000000001 /* IslandPanel.swift in Sources */ = {isa = PBXBuildFile; fileRef = B00101040000000000000001 /* IslandPanel.swift */; };
		B00102050000000000000001 /* IslandWindowController.swift in Sources */ = {isa = PBXBuildFile; fileRef = B00101050000000000000001 /* IslandWindowController.swift */; };
		B00102060000000000000001 /* NotchLayoutEngine.swift in Sources */ = {isa = PBXBuildFile; fileRef = B00101060000000000000001 /* NotchLayoutEngine.swift */; };
		B00102070000000000000001 /* DisplayObserver.swift in Sources */ = {isa = PBXBuildFile; fileRef = B00101070000000000000001 /* DisplayObserver.swift */; };
		B00102080000000000000001 /* IslandRootView.swift in Sources */ = {isa = PBXBuildFile; fileRef = B00101080000000000000001 /* IslandRootView.swift */; };
		B00102090000000000000001 /* StatusBarController.swift in Sources */ = {isa = PBXBuildFile; fileRef = B00101090000000000000001 /* StatusBarController.swift */; };
		B001020A0000000000000001 /* StatusMenuBuilder.swift in Sources */ = {isa = PBXBuildFile; fileRef = B001010A0000000000000001 /* StatusMenuBuilder.swift */; };
		B001020B0000000000000001 /* PreferencesWindowController.swift in Sources */ = {isa = PBXBuildFile; fileRef = B001010B0000000000000001 /* PreferencesWindowController.swift */; };
		B001020C0000000000000001 /* PreferencesView.swift in Sources */ = {isa = PBXBuildFile; fileRef = B001010C0000000000000001 /* PreferencesView.swift */; };
		AA1100020000000000000001 /* SettingsModels.swift in Sources */ = {isa = PBXBuildFile; fileRef = AA1100010000000000000001 /* SettingsModels.swift */; };
		AA1100040000000000000001 /* SettingsAndMenuProbe.swift in Sources */ = {isa = PBXBuildFile; fileRef = AA1100030000000000000001 /* SettingsAndMenuProbe.swift */; };
		B001020D0000000000000001 /* ScreenMetrics.swift in Sources */ = {isa = PBXBuildFile; fileRef = B001010E0000000000000001 /* ScreenMetrics.swift */; };
		B001020E0000000000000001 /* DisplayTopEdgeClassifier.swift in Sources */ = {isa = PBXBuildFile; fileRef = B001010F0000000000000001 /* DisplayTopEdgeClassifier.swift */; };
		B001020F0000000000000001 /* IslandHoverMonitor.swift in Sources */ = {isa = PBXBuildFile; fileRef = B00101100000000000000001 /* IslandHoverMonitor.swift */; };
		B00102100000000000000001 /* IslandWindowSizingResult.swift in Sources */ = {isa = PBXBuildFile; fileRef = B00101110000000000000001 /* IslandWindowSizingResult.swift */; };
		B00102110000000000000001 /* IslandWindowSizingEngine.swift in Sources */ = {isa = PBXBuildFile; fileRef = B00101120000000000000001 /* IslandWindowSizingEngine.swift */; };
		B00102120000000000000001 /* IslandSizingMatrixProbe.swift in Sources */ = {isa = PBXBuildFile; fileRef = B00101130000000000000001 /* IslandSizingMatrixProbe.swift */; };
		B00102180000000000000001 /* IslandSizingMatrixProbeError.swift in Sources */ = {isa = PBXBuildFile; fileRef = B00101180000000000000001 /* IslandSizingMatrixProbeError.swift */; };
		B00102130000000000000001 /* IslandInteractionHostingView.swift in Sources */ = {isa = PBXBuildFile; fileRef = B00101140000000000000001 /* IslandInteractionHostingView.swift */; };
		B00102140000000000000001 /* IslandPhase5PreviewStateContainer.swift in Sources */ = {isa = PBXBuildFile; fileRef = B00101150000000000000001 /* IslandPhase5PreviewStateContainer.swift */; };
		B00102150000000000000001 /* IslandPreviewInteractionAdapters.swift in Sources */ = {isa = PBXBuildFile; fileRef = B00101160000000000000001 /* IslandPreviewInteractionAdapters.swift */; };
		C00102010000000000000001 /* IslandVisualTokens.swift in Sources */ = {isa = PBXBuildFile; fileRef = C00101010000000000000001 /* IslandVisualTokens.swift */; };
		C00102020000000000000001 /* IslandVisualState.swift in Sources */ = {isa = PBXBuildFile; fileRef = C00101020000000000000001 /* IslandVisualState.swift */; };
		C00102030000000000000001 /* IslandShapeMetrics.swift in Sources */ = {isa = PBXBuildFile; fileRef = C00101030000000000000001 /* IslandShapeMetrics.swift */; };
		C00102040000000000000001 /* IslandPathFactory.swift in Sources */ = {isa = PBXBuildFile; fileRef = C00101040000000000000001 /* IslandPathFactory.swift */; };
		C00102050000000000000001 /* IslandShapeEngine.swift in Sources */ = {isa = PBXBuildFile; fileRef = C00101050000000000000001 /* IslandShapeEngine.swift */; };
		C00102060000000000000001 /* IslandVisualStatePreview.swift in Sources */ = {isa = PBXBuildFile; fileRef = C00101060000000000000001 /* IslandVisualStatePreview.swift */; };
		C00302010000000000000001 /* IslandDomainState.swift in Sources */ = {isa = PBXBuildFile; fileRef = C00301010000000000000001 /* IslandDomainState.swift */; };
		C00302020000000000000001 /* IslandInteractionIntent.swift in Sources */ = {isa = PBXBuildFile; fileRef = C00301020000000000000001 /* IslandInteractionIntent.swift */; };
		C00302030000000000000001 /* IslandDerivedState.swift in Sources */ = {isa = PBXBuildFile; fileRef = C00301030000000000000001 /* IslandDerivedState.swift */; };
		C00302040000000000000001 /* IslandDerivedStateProbe.swift in Sources */ = {isa = PBXBuildFile; fileRef = C00301040000000000000001 /* IslandDerivedStateProbe.swift */; };
		C00302050000000000000001 /* IslandPresentationReducer.swift in Sources */ = {isa = PBXBuildFile; fileRef = C00301050000000000000001 /* IslandPresentationReducer.swift */; };
		C00302060000000000000001 /* IslandPresentationReducerProbe.swift in Sources */ = {isa = PBXBuildFile; fileRef = C00301060000000000000001 /* IslandPresentationReducerProbe.swift */; };
		C00302070000000000000001 /* IslandMockScenario.swift in Sources */ = {isa = PBXBuildFile; fileRef = C00301070000000000000001 /* IslandMockScenario.swift */; };
		C00302080000000000000001 /* IslandPhase5Probe.swift in Sources */ = {isa = PBXBuildFile; fileRef = C00301080000000000000001 /* IslandPhase5Probe.swift */; };
		C00302090000000000000001 /* IslandPhase5PreviewMarkerLayoutProbe.swift in Sources */ = {isa = PBXBuildFile; fileRef = C00301090000000000000001 /* IslandPhase5PreviewMarkerLayoutProbe.swift */; };
		D00102010000000000000001 /* MusicModels.swift in Sources */ = {isa = PBXBuildFile; fileRef = D00101010000000000000001 /* MusicModels.swift */; };
		D00102020000000000000001 /* AppleMusicProvider.swift in Sources */ = {isa = PBXBuildFile; fileRef = D00101020000000000000001 /* AppleMusicProvider.swift */; };
		D00102030000000000000001 /* MusicTakeoverController.swift in Sources */ = {isa = PBXBuildFile; fileRef = D00101030000000000000001 /* MusicTakeoverController.swift */; };
		D00102040000000000000001 /* MusicTakeoverProbe.swift in Sources */ = {isa = PBXBuildFile; fileRef = D00101040000000000000001 /* MusicTakeoverProbe.swift */; };
		D00102050000000000000001 /* MediaRemoteMusicProvider.swift in Sources */ = {isa = PBXBuildFile; fileRef = D00101050000000000000001 /* MediaRemoteMusicProvider.swift */; };
		D00102060000000000000001 /* MusicTakeoverReleaseProbe.swift in Sources */ = {isa = PBXBuildFile; fileRef = D00101060000000000000001 /* MusicTakeoverReleaseProbe.swift */; };
		D00102070000000000000001 /* MusicAudioWaveform.swift in Sources */ = {isa = PBXBuildFile; fileRef = D00101070000000000000001 /* MusicAudioWaveform.swift */; };
		D00102080000000000000001 /* MusicAudioWaveformProbe.swift in Sources */ = {isa = PBXBuildFile; fileRef = D00101080000000000000001 /* MusicAudioWaveformProbe.swift */; };
		E00102010000000000000001 /* IslandContentChoreography.swift in Sources */ = {isa = PBXBuildFile; fileRef = E00101010000000000000001 /* IslandContentChoreography.swift */; };
		E00102020000000000000001 /* IslandContentChoreographyProbe.swift in Sources */ = {isa = PBXBuildFile; fileRef = E00101020000000000000001 /* IslandContentChoreographyProbe.swift */; };
		E00102030000000000000001 /* IslandMotionTokens.swift in Sources */ = {isa = PBXBuildFile; fileRef = E00101030000000000000001 /* IslandMotionTokens.swift */; };
		E00102040000000000000001 /* IslandTransitionKind.swift in Sources */ = {isa = PBXBuildFile; fileRef = E00101040000000000000001 /* IslandTransitionKind.swift */; };
		E00102050000000000000001 /* IslandMotionEngine.swift in Sources */ = {isa = PBXBuildFile; fileRef = E00101050000000000000001 /* IslandMotionEngine.swift */; };
		E00102060000000000000001 /* IslandGreetingSequence.swift in Sources */ = {isa = PBXBuildFile; fileRef = E00101060000000000000001 /* IslandGreetingSequence.swift */; };
		E00102070000000000000001 /* IslandGreetingSequenceProbe.swift in Sources */ = {isa = PBXBuildFile; fileRef = E00101070000000000000001 /* IslandGreetingSequenceProbe.swift */; };
		E00102080000000000000001 /* IslandMotionProbe.swift in Sources */ = {isa = PBXBuildFile; fileRef = E00101080000000000000001 /* IslandMotionProbe.swift */; };
		E00102090000000000000001 /* IslandMusicWaveform.swift in Sources */ = {isa = PBXBuildFile; fileRef = E00101090000000000000001 /* IslandMusicWaveform.swift */; };
		E001020A0000000000000001 /* IslandMusicWaveformProbe.swift in Sources */ = {isa = PBXBuildFile; fileRef = E001010A0000000000000001 /* IslandMusicWaveformProbe.swift */; };
		E001020B0000000000000001 /* IslandTrackpadMotionE2EProbe.swift in Sources */ = {isa = PBXBuildFile; fileRef = E001010B0000000000000001 /* IslandTrackpadMotionE2EProbe.swift */; };
		E001020C0000000000000001 /* IslandAnimationDriver.swift in Sources */ = {isa = PBXBuildFile; fileRef = E001010C0000000000000001 /* IslandAnimationDriver.swift */; };
		E001020D0000000000000001 /* IslandAnimationDisplayLink.swift in Sources */ = {isa = PBXBuildFile; fileRef = E001010D0000000000000001 /* IslandAnimationDisplayLink.swift */; };
		E001020E0000000000000001 /* AppleSpringMotion.swift in Sources */ = {isa = PBXBuildFile; fileRef = E001010E0000000000000001 /* AppleSpringMotion.swift */; };
		F00102010000000000000001 /* APIModels.swift in Sources */ = {isa = PBXBuildFile; fileRef = F00101010000000000000001 /* APIModels.swift */; };
		F00102020000000000000001 /* APIClient.swift in Sources */ = {isa = PBXBuildFile; fileRef = F00101020000000000000001 /* APIClient.swift */; };
		F00102030000000000000001 /* AuthSession.swift in Sources */ = {isa = PBXBuildFile; fileRef = F00101030000000000000001 /* AuthSession.swift */; };
		F00102040000000000000001 /* AuthSessionStore.swift in Sources */ = {isa = PBXBuildFile; fileRef = F00101040000000000000001 /* AuthSessionStore.swift */; };
		F00102050000000000000001 /* AuthCoordinator.swift in Sources */ = {isa = PBXBuildFile; fileRef = F00101050000000000000001 /* AuthCoordinator.swift */; };
		F00102060000000000000001 /* AuthFoundationProbe.swift in Sources */ = {isa = PBXBuildFile; fileRef = F00101060000000000000001 /* AuthFoundationProbe.swift */; };
		F00102070000000000000001 /* DesktopLoginCoordinator.swift in Sources */ = {isa = PBXBuildFile; fileRef = F00101070000000000000001 /* DesktopLoginCoordinator.swift */; };
		F00102080000000000000001 /* DesktopLoginCallbackProbe.swift in Sources */ = {isa = PBXBuildFile; fileRef = F00101080000000000000001 /* DesktopLoginCallbackProbe.swift */; };
		F00102090000000000000001 /* AuthSessionLifecycleProbe.swift in Sources */ = {isa = PBXBuildFile; fileRef = F00101090000000000000001 /* AuthSessionLifecycleProbe.swift */; };
		F001020A0000000000000001 /* ReviewModels.swift in Sources */ = {isa = PBXBuildFile; fileRef = F001010A0000000000000001 /* ReviewModels.swift */; };
		F001020B0000000000000001 /* ReviewRepository.swift in Sources */ = {isa = PBXBuildFile; fileRef = F001010B0000000000000001 /* ReviewRepository.swift */; };
		F001020C0000000000000001 /* ReviewLiveSummaryProbe.swift in Sources */ = {isa = PBXBuildFile; fileRef = F001010C0000000000000001 /* ReviewLiveSummaryProbe.swift */; };
		F001020D0000000000000001 /* ReviewPollingController.swift in Sources */ = {isa = PBXBuildFile; fileRef = F001010D0000000000000001 /* ReviewPollingController.swift */; };
		F001020E0000000000000001 /* ReviewPollingProbe.swift in Sources */ = {isa = PBXBuildFile; fileRef = F001010E0000000000000001 /* ReviewPollingProbe.swift */; };
		F001020F0000000000000001 /* TodoModels.swift in Sources */ = {isa = PBXBuildFile; fileRef = F001010F0000000000000001 /* TodoModels.swift */; };
		F00102100000000000000001 /* TodoRepository.swift in Sources */ = {isa = PBXBuildFile; fileRef = F00101100000000000000001 /* TodoRepository.swift */; };
		F00102110000000000000001 /* TodoPollingController.swift in Sources */ = {isa = PBXBuildFile; fileRef = F00101110000000000000001 /* TodoPollingController.swift */; };
		F00102120000000000000001 /* TodoLiveSyncProbe.swift in Sources */ = {isa = PBXBuildFile; fileRef = F00101120000000000000001 /* TodoLiveSyncProbe.swift */; };
		F00102130000000000000001 /* TodoMutationController.swift in Sources */ = {isa = PBXBuildFile; fileRef = F00101130000000000000001 /* TodoMutationController.swift */; };
		F00102140000000000000001 /* TodoMutationProbe.swift in Sources */ = {isa = PBXBuildFile; fileRef = F00101140000000000000001 /* TodoMutationProbe.swift */; };
		FA1201010000000000000001 /* UpdateModels.swift in Sources */ = {isa = PBXBuildFile; fileRef = FA1202010000000000000001 /* UpdateModels.swift */; };
		FA1201020000000000000001 /* UpdateCoordinator.swift in Sources */ = {isa = PBXBuildFile; fileRef = FA1202020000000000000001 /* UpdateCoordinator.swift */; };
		FA1201030000000000000001 /* SignedAppcastVerifier.swift in Sources */ = {isa = PBXBuildFile; fileRef = FA1202030000000000000001 /* SignedAppcastVerifier.swift */; };
		FA1201040000000000000001 /* SparkleUpdateAdapter.swift in Sources */ = {isa = PBXBuildFile; fileRef = FA1202040000000000000001 /* SparkleUpdateAdapter.swift */; };
		FA1201050000000000000001 /* UpdateCoordinatorProbe.swift in Sources */ = {isa = PBXBuildFile; fileRef = FA1202050000000000000001 /* UpdateCoordinatorProbe.swift */; };
		FA1201070000000000000001 /* UpdateProbeMain.swift in Sources */ = {isa = PBXBuildFile; fileRef = FA1202070000000000000001 /* UpdateProbeMain.swift */; };
		FA1201060000000000000001 /* Sparkle in Frameworks */ = {isa = PBXBuildFile; productRef = FA1203010000000000000001 /* Sparkle */; };
/* End PBXBuildFile section */

/* Begin PBXFileReference section */
		B00100010000000000000001 /* MemoryFlowIsland.app */ = {isa = PBXFileReference; explicitFileType = wrapper.application; includeInIndex = 0; path = MemoryFlowIsland.app; sourceTree = BUILT_PRODUCTS_DIR; };
		B001010000000000000000001 /* Assets.xcassets */ = {isa = PBXFileReference; lastKnownFileType = folder.assetcatalog; path = Assets.xcassets; sourceTree = "<group>"; };
		B00101010000000000000001 /* MemoryFlowIslandApp.swift */ = {isa = PBXFileReference; lastKnownFileType = sourcecode.swift; path = MemoryFlowIslandApp.swift; sourceTree = "<group>"; };
		B00101020000000000000001 /* AppDelegate.swift */ = {isa = PBXFileReference; lastKnownFileType = sourcecode.swift; path = AppDelegate.swift; sourceTree = "<group>"; };
		B00101030000000000000001 /* SceneCoordinator.swift */ = {isa = PBXFileReference; lastKnownFileType = sourcecode.swift; path = SceneCoordinator.swift; sourceTree = "<group>"; };
		B00101040000000000000001 /* IslandPanel.swift */ = {isa = PBXFileReference; lastKnownFileType = sourcecode.swift; path = IslandPanel.swift; sourceTree = "<group>"; };
		B00101050000000000000001 /* IslandWindowController.swift */ = {isa = PBXFileReference; lastKnownFileType = sourcecode.swift; path = IslandWindowController.swift; sourceTree = "<group>"; };
		B00101060000000000000001 /* NotchLayoutEngine.swift */ = {isa = PBXFileReference; lastKnownFileType = sourcecode.swift; path = NotchLayoutEngine.swift; sourceTree = "<group>"; };
		B00101070000000000000001 /* DisplayObserver.swift */ = {isa = PBXFileReference; lastKnownFileType = sourcecode.swift; path = DisplayObserver.swift; sourceTree = "<group>"; };
		B00101080000000000000001 /* IslandRootView.swift */ = {isa = PBXFileReference; lastKnownFileType = sourcecode.swift; path = IslandRootView.swift; sourceTree = "<group>"; };
		B00101090000000000000001 /* StatusBarController.swift */ = {isa = PBXFileReference; lastKnownFileType = sourcecode.swift; path = StatusBarController.swift; sourceTree = "<group>"; };
		B001010A0000000000000001 /* StatusMenuBuilder.swift */ = {isa = PBXFileReference; lastKnownFileType = sourcecode.swift; path = StatusMenuBuilder.swift; sourceTree = "<group>"; };
		B001010B0000000000000001 /* PreferencesWindowController.swift */ = {isa = PBXFileReference; lastKnownFileType = sourcecode.swift; path = PreferencesWindowController.swift; sourceTree = "<group>"; };
		B001010C0000000000000001 /* PreferencesView.swift */ = {isa = PBXFileReference; lastKnownFileType = sourcecode.swift; path = PreferencesView.swift; sourceTree = "<group>"; };
		AA1100010000000000000001 /* SettingsModels.swift */ = {isa = PBXFileReference; lastKnownFileType = sourcecode.swift; path = SettingsModels.swift; sourceTree = "<group>"; };
		AA1100030000000000000001 /* SettingsAndMenuProbe.swift */ = {isa = PBXFileReference; lastKnownFileType = sourcecode.swift; path = SettingsAndMenuProbe.swift; sourceTree = "<group>"; };
		B001010D0000000000000001 /* Info.plist */ = {isa = PBXFileReference; lastKnownFileType = text.plist.xml; path = Info.plist; sourceTree = "<group>"; };
		B001010E0000000000000001 /* ScreenMetrics.swift */ = {isa = PBXFileReference; lastKnownFileType = sourcecode.swift; path = ScreenMetrics.swift; sourceTree = "<group>"; };
		B001010F0000000000000001 /* DisplayTopEdgeClassifier.swift */ = {isa = PBXFileReference; lastKnownFileType = sourcecode.swift; path = DisplayTopEdgeClassifier.swift; sourceTree = "<group>"; };
		B00101100000000000000001 /* IslandHoverMonitor.swift */ = {isa = PBXFileReference; lastKnownFileType = sourcecode.swift; path = IslandHoverMonitor.swift; sourceTree = "<group>"; };
		B00101110000000000000001 /* IslandWindowSizingResult.swift */ = {isa = PBXFileReference; lastKnownFileType = sourcecode.swift; path = IslandWindowSizingResult.swift; sourceTree = "<group>"; };
		B00101120000000000000001 /* IslandWindowSizingEngine.swift */ = {isa = PBXFileReference; lastKnownFileType = sourcecode.swift; path = IslandWindowSizingEngine.swift; sourceTree = "<group>"; };
		B00101130000000000000001 /* IslandSizingMatrixProbe.swift */ = {isa = PBXFileReference; lastKnownFileType = sourcecode.swift; path = IslandSizingMatrixProbe.swift; sourceTree = "<group>"; };
		B00101180000000000000001 /* IslandSizingMatrixProbeError.swift */ = {isa = PBXFileReference; lastKnownFileType = sourcecode.swift; path = IslandSizingMatrixProbeError.swift; sourceTree = "<group>"; };
		B00101140000000000000001 /* IslandInteractionHostingView.swift */ = {isa = PBXFileReference; lastKnownFileType = sourcecode.swift; path = IslandInteractionHostingView.swift; sourceTree = "<group>"; };
		B00101150000000000000001 /* IslandPhase5PreviewStateContainer.swift */ = {isa = PBXFileReference; lastKnownFileType = sourcecode.swift; path = IslandPhase5PreviewStateContainer.swift; sourceTree = "<group>"; };
		B00101160000000000000001 /* IslandPreviewInteractionAdapters.swift */ = {isa = PBXFileReference; lastKnownFileType = sourcecode.swift; path = IslandPreviewInteractionAdapters.swift; sourceTree = "<group>"; };
		C00101010000000000000001 /* IslandVisualTokens.swift */ = {isa = PBXFileReference; lastKnownFileType = sourcecode.swift; path = IslandVisualTokens.swift; sourceTree = "<group>"; };
		C00101020000000000000001 /* IslandVisualState.swift */ = {isa = PBXFileReference; lastKnownFileType = sourcecode.swift; path = IslandVisualState.swift; sourceTree = "<group>"; };
		C00101030000000000000001 /* IslandShapeMetrics.swift */ = {isa = PBXFileReference; lastKnownFileType = sourcecode.swift; path = IslandShapeMetrics.swift; sourceTree = "<group>"; };
		C00101040000000000000001 /* IslandPathFactory.swift */ = {isa = PBXFileReference; lastKnownFileType = sourcecode.swift; path = IslandPathFactory.swift; sourceTree = "<group>"; };
		C00101050000000000000001 /* IslandShapeEngine.swift */ = {isa = PBXFileReference; lastKnownFileType = sourcecode.swift; path = IslandShapeEngine.swift; sourceTree = "<group>"; };
		C00101060000000000000001 /* IslandVisualStatePreview.swift */ = {isa = PBXFileReference; lastKnownFileType = sourcecode.swift; path = IslandVisualStatePreview.swift; sourceTree = "<group>"; };
		C00301010000000000000001 /* IslandDomainState.swift */ = {isa = PBXFileReference; lastKnownFileType = sourcecode.swift; path = IslandDomainState.swift; sourceTree = "<group>"; };
		C00301020000000000000001 /* IslandInteractionIntent.swift */ = {isa = PBXFileReference; lastKnownFileType = sourcecode.swift; path = IslandInteractionIntent.swift; sourceTree = "<group>"; };
		C00301030000000000000001 /* IslandDerivedState.swift */ = {isa = PBXFileReference; lastKnownFileType = sourcecode.swift; path = IslandDerivedState.swift; sourceTree = "<group>"; };
		C00301040000000000000001 /* IslandDerivedStateProbe.swift */ = {isa = PBXFileReference; lastKnownFileType = sourcecode.swift; path = IslandDerivedStateProbe.swift; sourceTree = "<group>"; };
		C00301050000000000000001 /* IslandPresentationReducer.swift */ = {isa = PBXFileReference; lastKnownFileType = sourcecode.swift; path = IslandPresentationReducer.swift; sourceTree = "<group>"; };
		C00301060000000000000001 /* IslandPresentationReducerProbe.swift */ = {isa = PBXFileReference; lastKnownFileType = sourcecode.swift; path = IslandPresentationReducerProbe.swift; sourceTree = "<group>"; };
		C00301070000000000000001 /* IslandMockScenario.swift */ = {isa = PBXFileReference; lastKnownFileType = sourcecode.swift; path = IslandMockScenario.swift; sourceTree = "<group>"; };
		C00301080000000000000001 /* IslandPhase5Probe.swift */ = {isa = PBXFileReference; lastKnownFileType = sourcecode.swift; path = IslandPhase5Probe.swift; sourceTree = "<group>"; };
		C00301090000000000000001 /* IslandPhase5PreviewMarkerLayoutProbe.swift */ = {isa = PBXFileReference; lastKnownFileType = sourcecode.swift; path = IslandPhase5PreviewMarkerLayoutProbe.swift; sourceTree = "<group>"; };
		D00101010000000000000001 /* MusicModels.swift */ = {isa = PBXFileReference; lastKnownFileType = sourcecode.swift; path = MusicModels.swift; sourceTree = "<group>"; };
		D00101020000000000000001 /* AppleMusicProvider.swift */ = {isa = PBXFileReference; lastKnownFileType = sourcecode.swift; path = AppleMusicProvider.swift; sourceTree = "<group>"; };
		D00101030000000000000001 /* MusicTakeoverController.swift */ = {isa = PBXFileReference; lastKnownFileType = sourcecode.swift; path = MusicTakeoverController.swift; sourceTree = "<group>"; };
		D00101040000000000000001 /* MusicTakeoverProbe.swift */ = {isa = PBXFileReference; lastKnownFileType = sourcecode.swift; path = MusicTakeoverProbe.swift; sourceTree = "<group>"; };
		D00101050000000000000001 /* MediaRemoteMusicProvider.swift */ = {isa = PBXFileReference; lastKnownFileType = sourcecode.swift; path = MediaRemoteMusicProvider.swift; sourceTree = "<group>"; };
		D00101060000000000000001 /* MusicTakeoverReleaseProbe.swift */ = {isa = PBXFileReference; lastKnownFileType = sourcecode.swift; path = MusicTakeoverReleaseProbe.swift; sourceTree = "<group>"; };
		D00101070000000000000001 /* MusicAudioWaveform.swift */ = {isa = PBXFileReference; lastKnownFileType = sourcecode.swift; path = MusicAudioWaveform.swift; sourceTree = "<group>"; };
		D00101080000000000000001 /* MusicAudioWaveformProbe.swift */ = {isa = PBXFileReference; lastKnownFileType = sourcecode.swift; path = MusicAudioWaveformProbe.swift; sourceTree = "<group>"; };
		E00101010000000000000001 /* IslandContentChoreography.swift */ = {isa = PBXFileReference; lastKnownFileType = sourcecode.swift; path = IslandContentChoreography.swift; sourceTree = "<group>"; };
		E00101020000000000000001 /* IslandContentChoreographyProbe.swift */ = {isa = PBXFileReference; lastKnownFileType = sourcecode.swift; path = IslandContentChoreographyProbe.swift; sourceTree = "<group>"; };
		E00101030000000000000001 /* IslandMotionTokens.swift */ = {isa = PBXFileReference; lastKnownFileType = sourcecode.swift; path = IslandMotionTokens.swift; sourceTree = "<group>"; };
		E00101040000000000000001 /* IslandTransitionKind.swift */ = {isa = PBXFileReference; lastKnownFileType = sourcecode.swift; path = IslandTransitionKind.swift; sourceTree = "<group>"; };
		E00101050000000000000001 /* IslandMotionEngine.swift */ = {isa = PBXFileReference; lastKnownFileType = sourcecode.swift; path = IslandMotionEngine.swift; sourceTree = "<group>"; };
		E00101060000000000000001 /* IslandGreetingSequence.swift */ = {isa = PBXFileReference; lastKnownFileType = sourcecode.swift; path = IslandGreetingSequence.swift; sourceTree = "<group>"; };
		E00101070000000000000001 /* IslandGreetingSequenceProbe.swift */ = {isa = PBXFileReference; lastKnownFileType = sourcecode.swift; path = IslandGreetingSequenceProbe.swift; sourceTree = "<group>"; };
		E00101080000000000000001 /* IslandMotionProbe.swift */ = {isa = PBXFileReference; lastKnownFileType = sourcecode.swift; path = IslandMotionProbe.swift; sourceTree = "<group>"; };
		E00101090000000000000001 /* IslandMusicWaveform.swift */ = {isa = PBXFileReference; lastKnownFileType = sourcecode.swift; path = IslandMusicWaveform.swift; sourceTree = "<group>"; };
		E001010A0000000000000001 /* IslandMusicWaveformProbe.swift */ = {isa = PBXFileReference; lastKnownFileType = sourcecode.swift; path = IslandMusicWaveformProbe.swift; sourceTree = "<group>"; };
		E001010B0000000000000001 /* IslandTrackpadMotionE2EProbe.swift */ = {isa = PBXFileReference; lastKnownFileType = sourcecode.swift; path = IslandTrackpadMotionE2EProbe.swift; sourceTree = "<group>"; };
		E001010C0000000000000001 /* IslandAnimationDriver.swift */ = {isa = PBXFileReference; lastKnownFileType = sourcecode.swift; path = IslandAnimationDriver.swift; sourceTree = "<group>"; };
		E001010D0000000000000001 /* IslandAnimationDisplayLink.swift */ = {isa = PBXFileReference; lastKnownFileType = sourcecode.swift; path = IslandAnimationDisplayLink.swift; sourceTree = "<group>"; };
		E001010E0000000000000001 /* AppleSpringMotion.swift */ = {isa = PBXFileReference; lastKnownFileType = sourcecode.swift; path = AppleSpringMotion.swift; sourceTree = "<group>"; };
		F00101010000000000000001 /* APIModels.swift */ = {isa = PBXFileReference; lastKnownFileType = sourcecode.swift; path = APIModels.swift; sourceTree = "<group>"; };
		F00101020000000000000001 /* APIClient.swift */ = {isa = PBXFileReference; lastKnownFileType = sourcecode.swift; path = APIClient.swift; sourceTree = "<group>"; };
		F00101030000000000000001 /* AuthSession.swift */ = {isa = PBXFileReference; lastKnownFileType = sourcecode.swift; path = AuthSession.swift; sourceTree = "<group>"; };
		F00101040000000000000001 /* AuthSessionStore.swift */ = {isa = PBXFileReference; lastKnownFileType = sourcecode.swift; path = AuthSessionStore.swift; sourceTree = "<group>"; };
		F00101050000000000000001 /* AuthCoordinator.swift */ = {isa = PBXFileReference; lastKnownFileType = sourcecode.swift; path = AuthCoordinator.swift; sourceTree = "<group>"; };
		F00101060000000000000001 /* AuthFoundationProbe.swift */ = {isa = PBXFileReference; lastKnownFileType = sourcecode.swift; path = AuthFoundationProbe.swift; sourceTree = "<group>"; };
		F00101070000000000000001 /* DesktopLoginCoordinator.swift */ = {isa = PBXFileReference; lastKnownFileType = sourcecode.swift; path = DesktopLoginCoordinator.swift; sourceTree = "<group>"; };
		F00101080000000000000001 /* DesktopLoginCallbackProbe.swift */ = {isa = PBXFileReference; lastKnownFileType = sourcecode.swift; path = DesktopLoginCallbackProbe.swift; sourceTree = "<group>"; };
		F00101090000000000000001 /* AuthSessionLifecycleProbe.swift */ = {isa = PBXFileReference; lastKnownFileType = sourcecode.swift; path = AuthSessionLifecycleProbe.swift; sourceTree = "<group>"; };
		F001010A0000000000000001 /* ReviewModels.swift */ = {isa = PBXFileReference; lastKnownFileType = sourcecode.swift; path = ReviewModels.swift; sourceTree = "<group>"; };
		F001010B0000000000000001 /* ReviewRepository.swift */ = {isa = PBXFileReference; lastKnownFileType = sourcecode.swift; path = ReviewRepository.swift; sourceTree = "<group>"; };
		F001010C0000000000000001 /* ReviewLiveSummaryProbe.swift */ = {isa = PBXFileReference; lastKnownFileType = sourcecode.swift; path = ReviewLiveSummaryProbe.swift; sourceTree = "<group>"; };
		F001010D0000000000000001 /* ReviewPollingController.swift */ = {isa = PBXFileReference; lastKnownFileType = sourcecode.swift; path = ReviewPollingController.swift; sourceTree = "<group>"; };
		F001010E0000000000000001 /* ReviewPollingProbe.swift */ = {isa = PBXFileReference; lastKnownFileType = sourcecode.swift; path = ReviewPollingProbe.swift; sourceTree = "<group>"; };
		F001010F0000000000000001 /* TodoModels.swift */ = {isa = PBXFileReference; lastKnownFileType = sourcecode.swift; path = TodoModels.swift; sourceTree = "<group>"; };
		F00101100000000000000001 /* TodoRepository.swift */ = {isa = PBXFileReference; lastKnownFileType = sourcecode.swift; path = TodoRepository.swift; sourceTree = "<group>"; };
		F00101110000000000000001 /* TodoPollingController.swift */ = {isa = PBXFileReference; lastKnownFileType = sourcecode.swift; path = TodoPollingController.swift; sourceTree = "<group>"; };
		F00101120000000000000001 /* TodoLiveSyncProbe.swift */ = {isa = PBXFileReference; lastKnownFileType = sourcecode.swift; path = TodoLiveSyncProbe.swift; sourceTree = "<group>"; };
		F00101130000000000000001 /* TodoMutationController.swift */ = {isa = PBXFileReference; lastKnownFileType = sourcecode.swift; path = TodoMutationController.swift; sourceTree = "<group>"; };
		F00101140000000000000001 /* TodoMutationProbe.swift */ = {isa = PBXFileReference; lastKnownFileType = sourcecode.swift; path = TodoMutationProbe.swift; sourceTree = "<group>"; };
		FA1202010000000000000001 /* UpdateModels.swift */ = {isa = PBXFileReference; lastKnownFileType = sourcecode.swift; path = UpdateModels.swift; sourceTree = "<group>"; };
		FA1202020000000000000001 /* UpdateCoordinator.swift */ = {isa = PBXFileReference; lastKnownFileType = sourcecode.swift; path = UpdateCoordinator.swift; sourceTree = "<group>"; };
		FA1202030000000000000001 /* SignedAppcastVerifier.swift */ = {isa = PBXFileReference; lastKnownFileType = sourcecode.swift; path = SignedAppcastVerifier.swift; sourceTree = "<group>"; };
		FA1202040000000000000001 /* SparkleUpdateAdapter.swift */ = {isa = PBXFileReference; lastKnownFileType = sourcecode.swift; path = SparkleUpdateAdapter.swift; sourceTree = "<group>"; };
		FA1202050000000000000001 /* UpdateCoordinatorProbe.swift */ = {isa = PBXFileReference; lastKnownFileType = sourcecode.swift; path = UpdateCoordinatorProbe.swift; sourceTree = "<group>"; };
		FA1202070000000000000001 /* UpdateProbeMain.swift */ = {isa = PBXFileReference; lastKnownFileType = sourcecode.swift; path = UpdateProbeMain.swift; sourceTree = "<group>"; };
/* End PBXFileReference section */

/* Begin PBXFrameworksBuildPhase section */
		B00100020000000000000001 /* Frameworks */ = {
			isa = PBXFrameworksBuildPhase;
			buildActionMask = 2147483647;
			files = (
				FA1201060000000000000001 /* Sparkle in Frameworks */,
			);
			runOnlyForDeploymentPostprocessing = 0;
		};
/* End PBXFrameworksBuildPhase section */

/* Begin PBXGroup section */
		B00100030000000000000001 = {
			isa = PBXGroup;
			children = (
				B00100040000000000000001 /* MemoryFlowIsland */,
				B00100050000000000000001 /* Products */,
			);
			sourceTree = "<group>";
		};
		B00100040000000000000001 /* MemoryFlowIsland */ = {
			isa = PBXGroup;
			children = (
				B00100060000000000000001 /* App */,
				F00100010000000000000001 /* Services */,
				B00100070000000000000001 /* Window */,
				B00100080000000000000001 /* MenuBar */,
				B00100090000000000000001 /* Preferences */,
				D00100010000000000000001 /* Music */,
				C00300010000000000000001 /* State */,
				B001000A0000000000000001 /* UI */,
				B001000B0000000000000001 /* Resources */,
			);
			path = MemoryFlowIsland;
			sourceTree = "<group>";
		};
		B00100050000000000000001 /* Products */ = {
			isa = PBXGroup;
			children = (
				B00100010000000000000001 /* MemoryFlowIsland.app */,
			);
			name = Products;
			sourceTree = "<group>";
		};
		F00100010000000000000001 /* Services */ = {
			isa = PBXGroup;
			children = (
				F00100020000000000000001 /* API */,
				F00100030000000000000001 /* Auth */,
				F00100040000000000000001 /* Review */,
				F00100050000000000000001 /* Todo */,
				FA1200010000000000000001 /* Update */,
			);
			path = Services;
			sourceTree = "<group>";
		};
		F00100020000000000000001 /* API */ = {
			isa = PBXGroup;
			children = (
				F00101010000000000000001 /* APIModels.swift */,
				F00101020000000000000001 /* APIClient.swift */,
			);
			path = API;
			sourceTree = "<group>";
		};
		F00100030000000000000001 /* Auth */ = {
			isa = PBXGroup;
			children = (
				F00101030000000000000001 /* AuthSession.swift */,
				F00101040000000000000001 /* AuthSessionStore.swift */,
				F00101050000000000000001 /* AuthCoordinator.swift */,
				F00101060000000000000001 /* AuthFoundationProbe.swift */,
				F00101070000000000000001 /* DesktopLoginCoordinator.swift */,
				F00101080000000000000001 /* DesktopLoginCallbackProbe.swift */,
				F00101090000000000000001 /* AuthSessionLifecycleProbe.swift */,
			);
			path = Auth;
			sourceTree = "<group>";
		};
		F00100040000000000000001 /* Review */ = {
			isa = PBXGroup;
			children = (
				F001010A0000000000000001 /* ReviewModels.swift */,
				F001010B0000000000000001 /* ReviewRepository.swift */,
				F001010C0000000000000001 /* ReviewLiveSummaryProbe.swift */,
				F001010D0000000000000001 /* ReviewPollingController.swift */,
				F001010E0000000000000001 /* ReviewPollingProbe.swift */,
			);
			path = Review;
			sourceTree = "<group>";
		};
		F00100050000000000000001 /* Todo */ = {
			isa = PBXGroup;
			children = (
				F001010F0000000000000001 /* TodoModels.swift */,
				F00101100000000000000001 /* TodoRepository.swift */,
				F00101110000000000000001 /* TodoPollingController.swift */,
				F00101120000000000000001 /* TodoLiveSyncProbe.swift */,
				F00101130000000000000001 /* TodoMutationController.swift */,
				F00101140000000000000001 /* TodoMutationProbe.swift */,
			);
			path = Todo;
			sourceTree = "<group>";
		};
		FA1200010000000000000001 /* Update */ = {
			isa = PBXGroup;
			children = (
				FA1202010000000000000001 /* UpdateModels.swift */,
				FA1202020000000000000001 /* UpdateCoordinator.swift */,
				FA1202030000000000000001 /* SignedAppcastVerifier.swift */,
				FA1202040000000000000001 /* SparkleUpdateAdapter.swift */,
				FA1202050000000000000001 /* UpdateCoordinatorProbe.swift */,
				FA1202070000000000000001 /* UpdateProbeMain.swift */,
			);
			path = Update;
			sourceTree = "<group>";
		};
		B00100060000000000000001 /* App */ = {
			isa = PBXGroup;
			children = (
				B00101010000000000000001 /* MemoryFlowIslandApp.swift */,
				B00101020000000000000001 /* AppDelegate.swift */,
				B00101030000000000000001 /* SceneCoordinator.swift */,
			);
			path = App;
			sourceTree = "<group>";
		};
		B00100070000000000000001 /* Window */ = {
			isa = PBXGroup;
			children = (
				B00101040000000000000001 /* IslandPanel.swift */,
				B00101050000000000000001 /* IslandWindowController.swift */,
				B00101060000000000000001 /* NotchLayoutEngine.swift */,
				B00101070000000000000001 /* DisplayObserver.swift */,
				B001010E0000000000000001 /* ScreenMetrics.swift */,
				B001010F0000000000000001 /* DisplayTopEdgeClassifier.swift */,
				B00101100000000000000001 /* IslandHoverMonitor.swift */,
				B00101110000000000000001 /* IslandWindowSizingResult.swift */,
				B00101120000000000000001 /* IslandWindowSizingEngine.swift */,
				B00101130000000000000001 /* IslandSizingMatrixProbe.swift */,
				B00101180000000000000001 /* IslandSizingMatrixProbeError.swift */,
				B00101140000000000000001 /* IslandInteractionHostingView.swift */,
				B00101150000000000000001 /* IslandPhase5PreviewStateContainer.swift */,
				B00101160000000000000001 /* IslandPreviewInteractionAdapters.swift */,
			);
			path = Window;
			sourceTree = "<group>";
		};
		B00100080000000000000001 /* MenuBar */ = {
			isa = PBXGroup;
			children = (
				B00101090000000000000001 /* StatusBarController.swift */,
				B001010A0000000000000001 /* StatusMenuBuilder.swift */,
			);
			path = MenuBar;
			sourceTree = "<group>";
		};
		B00100090000000000000001 /* Preferences */ = {
			isa = PBXGroup;
			children = (
				B001010B0000000000000001 /* PreferencesWindowController.swift */,
				B001010C0000000000000001 /* PreferencesView.swift */,
				AA1100010000000000000001 /* SettingsModels.swift */,
				AA1100030000000000000001 /* SettingsAndMenuProbe.swift */,
			);
			path = Preferences;
			sourceTree = "<group>";
		};
		B001000A0000000000000001 /* UI */ = {
			isa = PBXGroup;
			children = (
				B00101080000000000000001 /* IslandRootView.swift */,
				E00100010000000000000001 /* Motion */,
				C00100010000000000000001 /* Visual */,
			);
			path = UI;
			sourceTree = "<group>";
		};
		E00100010000000000000001 /* Motion */ = {
			isa = PBXGroup;
			children = (
				E001010E0000000000000001 /* AppleSpringMotion.swift */,
				E00101010000000000000001 /* IslandContentChoreography.swift */,
				E00101020000000000000001 /* IslandContentChoreographyProbe.swift */,
				E00101030000000000000001 /* IslandMotionTokens.swift */,
				E00101040000000000000001 /* IslandTransitionKind.swift */,
				E00101050000000000000001 /* IslandMotionEngine.swift */,
				E00101060000000000000001 /* IslandGreetingSequence.swift */,
				E00101070000000000000001 /* IslandGreetingSequenceProbe.swift */,
				E00101080000000000000001 /* IslandMotionProbe.swift */,
				E00101090000000000000001 /* IslandMusicWaveform.swift */,
				E001010A0000000000000001 /* IslandMusicWaveformProbe.swift */,
				E001010B0000000000000001 /* IslandTrackpadMotionE2EProbe.swift */,
				E001010C0000000000000001 /* IslandAnimationDriver.swift */,
				E001010D0000000000000001 /* IslandAnimationDisplayLink.swift */,
			);
			path = Motion;
			sourceTree = "<group>";
		};
		C00100010000000000000001 /* Visual */ = {
			isa = PBXGroup;
			children = (
				C00101010000000000000001 /* IslandVisualTokens.swift */,
				C00101020000000000000001 /* IslandVisualState.swift */,
				C00101030000000000000001 /* IslandShapeMetrics.swift */,
				C00101040000000000000001 /* IslandPathFactory.swift */,
				C00101050000000000000001 /* IslandShapeEngine.swift */,
				C00101060000000000000001 /* IslandVisualStatePreview.swift */,
			);
			path = Visual;
			sourceTree = "<group>";
		};
		C00300010000000000000001 /* State */ = {
			isa = PBXGroup;
			children = (
				C00301010000000000000001 /* IslandDomainState.swift */,
				C00301020000000000000001 /* IslandInteractionIntent.swift */,
				C00301030000000000000001 /* IslandDerivedState.swift */,
				C00301040000000000000001 /* IslandDerivedStateProbe.swift */,
				C00301050000000000000001 /* IslandPresentationReducer.swift */,
				C00301060000000000000001 /* IslandPresentationReducerProbe.swift */,
				C00301070000000000000001 /* IslandMockScenario.swift */,
				C00301080000000000000001 /* IslandPhase5Probe.swift */,
				C00301090000000000000001 /* IslandPhase5PreviewMarkerLayoutProbe.swift */,
			);
			path = State;
			sourceTree = "<group>";
		};
		D00100010000000000000001 /* Music */ = {
			isa = PBXGroup;
			children = (
				D00101010000000000000001 /* MusicModels.swift */,
				D00101070000000000000001 /* MusicAudioWaveform.swift */,
				D00101080000000000000001 /* MusicAudioWaveformProbe.swift */,
				D00101020000000000000001 /* AppleMusicProvider.swift */,
				D00101050000000000000001 /* MediaRemoteMusicProvider.swift */,
				D00101030000000000000001 /* MusicTakeoverController.swift */,
				D00101040000000000000001 /* MusicTakeoverProbe.swift */,
				D00101060000000000000001 /* MusicTakeoverReleaseProbe.swift */,
			);
			path = Music;
			sourceTree = "<group>";
		};
		B001000B0000000000000001 /* Resources */ = {
			isa = PBXGroup;
			children = (
				B001010D0000000000000001 /* Info.plist */,
				B001010000000000000000001 /* Assets.xcassets */,
			);
			path = Resources;
			sourceTree = "<group>";
		};
/* End PBXGroup section */

/* Begin PBXNativeTarget section */
		B001000C0000000000000001 /* MemoryFlowIsland */ = {
			isa = PBXNativeTarget;
			buildConfigurationList = B001001200000000000000001 /* Build configuration list for PBXNativeTarget "MemoryFlowIsland" */;
			buildPhases = (
				B001000D0000000000000001 /* Sources */,
				B00100020000000000000001 /* Frameworks */,
				B001000E0000000000000001 /* Resources */,
			);
			buildRules = (
			);
			dependencies = (
			);
			name = MemoryFlowIsland;
			productName = MemoryFlowIsland;
			productReference = B00100010000000000000001 /* MemoryFlowIsland.app */;
			packageProductDependencies = (
				FA1203010000000000000001 /* Sparkle */,
			);
			productType = "com.apple.product-type.application";
		};
/* End PBXNativeTarget section */

/* Begin PBXProject section */
		B001000F0000000000000001 /* Project object */ = {
			isa = PBXProject;
			attributes = {
				BuildIndependentTargetsInParallel = 1;
				LastSwiftUpdateCheck = 1600;
				LastUpgradeCheck = 1600;
				TargetAttributes = {
					B001000C0000000000000001 = {
						CreatedOnToolsVersion = 16.0;
					};
				};
			};
			buildConfigurationList = B001001100000000000000001 /* Build configuration list for PBXProject "MemoryFlowIsland" */;
			compatibilityVersion = "Xcode 14.0";
			developmentRegion = en;
			hasScannedForEncodings = 0;
			knownRegions = (
				en,
				Base,
			);
			mainGroup = B00100030000000000000001;
			productRefGroup = B00100050000000000000001 /* Products */;
			packageReferences = (
				FA1204010000000000000001 /* XCRemoteSwiftPackageReference "Sparkle" */,
			);
			projectDirPath = "";
			projectRoot = "";
			targets = (
				B001000C0000000000000001 /* MemoryFlowIsland */,
			);
		};
/* End PBXProject section */

/* Begin PBXResourcesBuildPhase section */
		B001000E0000000000000001 /* Resources */ = {
			isa = PBXResourcesBuildPhase;
			buildActionMask = 2147483647;
			files = (
				B00102000000000000000001 /* Assets.xcassets in Resources */,
			);
			runOnlyForDeploymentPostprocessing = 0;
		};
/* End PBXResourcesBuildPhase section */

/* Begin PBXSourcesBuildPhase section */
		B001000D0000000000000001 /* Sources */ = {
			isa = PBXSourcesBuildPhase;
			buildActionMask = 2147483647;
			files = (
				B00102010000000000000001 /* MemoryFlowIslandApp.swift in Sources */,
				B00102020000000000000001 /* AppDelegate.swift in Sources */,
				B00102030000000000000001 /* SceneCoordinator.swift in Sources */,
				B00102040000000000000001 /* IslandPanel.swift in Sources */,
				B00102050000000000000001 /* IslandWindowController.swift in Sources */,
				B00102060000000000000001 /* NotchLayoutEngine.swift in Sources */,
				B00102070000000000000001 /* DisplayObserver.swift in Sources */,
				B00102080000000000000001 /* IslandRootView.swift in Sources */,
				B00102090000000000000001 /* StatusBarController.swift in Sources */,
				B001020A0000000000000001 /* StatusMenuBuilder.swift in Sources */,
				B001020B0000000000000001 /* PreferencesWindowController.swift in Sources */,
				B001020C0000000000000001 /* PreferencesView.swift in Sources */,
				AA1100020000000000000001 /* SettingsModels.swift in Sources */,
				AA1100040000000000000001 /* SettingsAndMenuProbe.swift in Sources */,
				B001020D0000000000000001 /* ScreenMetrics.swift in Sources */,
				B001020E0000000000000001 /* DisplayTopEdgeClassifier.swift in Sources */,
				B001020F0000000000000001 /* IslandHoverMonitor.swift in Sources */,
				B00102100000000000000001 /* IslandWindowSizingResult.swift in Sources */,
				B00102110000000000000001 /* IslandWindowSizingEngine.swift in Sources */,
				B00102120000000000000001 /* IslandSizingMatrixProbe.swift in Sources */,
				B00102180000000000000001 /* IslandSizingMatrixProbeError.swift in Sources */,
				B00102130000000000000001 /* IslandInteractionHostingView.swift in Sources */,
				B00102140000000000000001 /* IslandPhase5PreviewStateContainer.swift in Sources */,
				B00102150000000000000001 /* IslandPreviewInteractionAdapters.swift in Sources */,
				C00102010000000000000001 /* IslandVisualTokens.swift in Sources */,
				C00102020000000000000001 /* IslandVisualState.swift in Sources */,
				C00102030000000000000001 /* IslandShapeMetrics.swift in Sources */,
				C00102040000000000000001 /* IslandPathFactory.swift in Sources */,
				C00102050000000000000001 /* IslandShapeEngine.swift in Sources */,
				C00102060000000000000001 /* IslandVisualStatePreview.swift in Sources */,
				C00302010000000000000001 /* IslandDomainState.swift in Sources */,
				C00302020000000000000001 /* IslandInteractionIntent.swift in Sources */,
				C00302030000000000000001 /* IslandDerivedState.swift in Sources */,
				C00302040000000000000001 /* IslandDerivedStateProbe.swift in Sources */,
				C00302050000000000000001 /* IslandPresentationReducer.swift in Sources */,
				C00302060000000000000001 /* IslandPresentationReducerProbe.swift in Sources */,
				C00302070000000000000001 /* IslandMockScenario.swift in Sources */,
				C00302080000000000000001 /* IslandPhase5Probe.swift in Sources */,
				C00302090000000000000001 /* IslandPhase5PreviewMarkerLayoutProbe.swift in Sources */,
				D00102010000000000000001 /* MusicModels.swift in Sources */,
				D00102020000000000000001 /* AppleMusicProvider.swift in Sources */,
				D00102030000000000000001 /* MusicTakeoverController.swift in Sources */,
				D00102040000000000000001 /* MusicTakeoverProbe.swift in Sources */,
				D00102050000000000000001 /* MediaRemoteMusicProvider.swift in Sources */,
				D00102060000000000000001 /* MusicTakeoverReleaseProbe.swift in Sources */,
				D00102070000000000000001 /* MusicAudioWaveform.swift in Sources */,
				D00102080000000000000001 /* MusicAudioWaveformProbe.swift in Sources */,
				E00102010000000000000001 /* IslandContentChoreography.swift in Sources */,
				E00102020000000000000001 /* IslandContentChoreographyProbe.swift in Sources */,
				E00102030000000000000001 /* IslandMotionTokens.swift in Sources */,
				E00102040000000000000001 /* IslandTransitionKind.swift in Sources */,
				E00102050000000000000001 /* IslandMotionEngine.swift in Sources */,
				E00102060000000000000001 /* IslandGreetingSequence.swift in Sources */,
				E00102070000000000000001 /* IslandGreetingSequenceProbe.swift in Sources */,
				E00102080000000000000001 /* IslandMotionProbe.swift in Sources */,
				E00102090000000000000001 /* IslandMusicWaveform.swift in Sources */,
				E001020A0000000000000001 /* IslandMusicWaveformProbe.swift in Sources */,
				E001020B0000000000000001 /* IslandTrackpadMotionE2EProbe.swift in Sources */,
				E001020C0000000000000001 /* IslandAnimationDriver.swift in Sources */,
				E001020D0000000000000001 /* IslandAnimationDisplayLink.swift in Sources */,
				E001020E0000000000000001 /* AppleSpringMotion.swift in Sources */,
				F00102010000000000000001 /* APIModels.swift in Sources */,
				F00102020000000000000001 /* APIClient.swift in Sources */,
				F00102030000000000000001 /* AuthSession.swift in Sources */,
				F00102040000000000000001 /* AuthSessionStore.swift in Sources */,
				F00102050000000000000001 /* AuthCoordinator.swift in Sources */,
				F00102060000000000000001 /* AuthFoundationProbe.swift in Sources */,
				F00102070000000000000001 /* DesktopLoginCoordinator.swift in Sources */,
				F00102080000000000000001 /* DesktopLoginCallbackProbe.swift in Sources */,
				F00102090000000000000001 /* AuthSessionLifecycleProbe.swift in Sources */,
				F001020A0000000000000001 /* ReviewModels.swift in Sources */,
				F001020B0000000000000001 /* ReviewRepository.swift in Sources */,
				F001020C0000000000000001 /* ReviewLiveSummaryProbe.swift in Sources */,
				F001020D0000000000000001 /* ReviewPollingController.swift in Sources */,
				F001020E0000000000000001 /* ReviewPollingProbe.swift in Sources */,
				F001020F0000000000000001 /* TodoModels.swift in Sources */,
				F00102100000000000000001 /* TodoRepository.swift in Sources */,
				F00102110000000000000001 /* TodoPollingController.swift in Sources */,
				F00102120000000000000001 /* TodoLiveSyncProbe.swift in Sources */,
				F00102130000000000000001 /* TodoMutationController.swift in Sources */,
				F00102140000000000000001 /* TodoMutationProbe.swift in Sources */,
				FA1201010000000000000001 /* UpdateModels.swift in Sources */,
				FA1201020000000000000001 /* UpdateCoordinator.swift in Sources */,
				FA1201030000000000000001 /* SignedAppcastVerifier.swift in Sources */,
				FA1201040000000000000001 /* SparkleUpdateAdapter.swift in Sources */,
				FA1201050000000000000001 /* UpdateCoordinatorProbe.swift in Sources */,
				FA1201070000000000000001 /* UpdateProbeMain.swift in Sources */,
			);
			runOnlyForDeploymentPostprocessing = 0;
		};
/* End PBXSourcesBuildPhase section */

/* Begin XCBuildConfiguration section */
		B001001300000000000000001 /* Debug */ = {
			isa = XCBuildConfiguration;
			buildSettings = {
				ALWAYS_SEARCH_USER_PATHS = NO;
				CLANG_ENABLE_MODULES = YES;
				CLANG_ENABLE_OBJC_ARC = YES;
				CLANG_WARN_DOCUMENTATION_COMMENTS = YES;
				CLANG_WARN_UNGUARDED_AVAILABILITY = YES_AGGRESSIVE;
				GCC_C_LANGUAGE_STANDARD = gnu17;
				MACOSX_DEPLOYMENT_TARGET = 14.2;
				SDKROOT = macosx;
				SWIFT_VERSION = 5.0;
			};
			name = Debug;
		};
		B001001400000000000000001 /* Release */ = {
			isa = XCBuildConfiguration;
			buildSettings = {
				ALWAYS_SEARCH_USER_PATHS = NO;
				CLANG_ENABLE_MODULES = YES;
				CLANG_ENABLE_OBJC_ARC = YES;
				CLANG_WARN_DOCUMENTATION_COMMENTS = YES;
				CLANG_WARN_UNGUARDED_AVAILABILITY = YES_AGGRESSIVE;
				GCC_C_LANGUAGE_STANDARD = gnu17;
				MACOSX_DEPLOYMENT_TARGET = 14.2;
				SDKROOT = macosx;
				SWIFT_VERSION = 5.0;
			};
			name = Release;
		};
		B001001500000000000000001 /* Debug */ = {
			isa = XCBuildConfiguration;
			buildSettings = {
				ASSETCATALOG_COMPILER_APPICON_NAME = AppIcon;
				CODE_SIGN_STYLE = Automatic;
				CURRENT_PROJECT_VERSION = 1;
				ENABLE_PREVIEWS = YES;
				GENERATE_INFOPLIST_FILE = NO;
				INFOPLIST_FILE = MemoryFlowIsland/Resources/Info.plist;
				LD_RUNPATH_SEARCH_PATHS = (
					"$(inherited)",
					"@executable_path/../Frameworks",
				);
				MACOSX_DEPLOYMENT_TARGET = 14.2;
				MARKETING_VERSION = 1.0;
				MEMORYFLOW_UPDATE_FEED_URL = "https://github.com/xixi131/MemoryFlow/releases/latest/download/appcast.xml";
				MEMORYFLOW_UPDATE_PUBLIC_ED_KEY = "6PW1/KVDZ21ch3FdMayGbgYVlDLIJ6a2bFwWYropplk=";
				PRODUCT_BUNDLE_IDENTIFIER = com.memoryflow.island;
				PRODUCT_NAME = "$(TARGET_NAME)";
				SWIFT_EMIT_LOC_STRINGS = YES;
				SWIFT_ACTIVE_COMPILATION_CONDITIONS = "$(inherited) DEBUG";
				SWIFT_VERSION = 5.0;
			};
			name = Debug;
		};
		B001001600000000000000001 /* Release */ = {
			isa = XCBuildConfiguration;
			buildSettings = {
				ASSETCATALOG_COMPILER_APPICON_NAME = AppIcon;
				CODE_SIGN_STYLE = Automatic;
				CURRENT_PROJECT_VERSION = 1;
				ENABLE_PREVIEWS = YES;
				GENERATE_INFOPLIST_FILE = NO;
				INFOPLIST_FILE = MemoryFlowIsland/Resources/Info.plist;
				LD_RUNPATH_SEARCH_PATHS = (
					"$(inherited)",
					"@executable_path/../Frameworks",
				);
				MACOSX_DEPLOYMENT_TARGET = 14.2;
				MARKETING_VERSION = 1.0;
				MEMORYFLOW_UPDATE_FEED_URL = "https://github.com/xixi131/MemoryFlow/releases/latest/download/appcast.xml";
				MEMORYFLOW_UPDATE_PUBLIC_ED_KEY = "6PW1/KVDZ21ch3FdMayGbgYVlDLIJ6a2bFwWYropplk=";
				PRODUCT_BUNDLE_IDENTIFIER = com.memoryflow.island;
				PRODUCT_NAME = "$(TARGET_NAME)";
				SWIFT_EMIT_LOC_STRINGS = YES;
				SWIFT_VERSION = 5.0;
			};
			name = Release;
		};
/* End XCBuildConfiguration section */

/* Begin XCConfigurationList section */
		B001001100000000000000001 /* Build configuration list for PBXProject "MemoryFlowIsland" */ = {
			isa = XCConfigurationList;
			buildConfigurations = (
				B001001300000000000000001 /* Debug */,
				B001001400000000000000001 /* Release */,
			);
			defaultConfigurationIsVisible = 0;
			defaultConfigurationName = Release;
		};
		B001001200000000000000001 /* Build configuration list for PBXNativeTarget "MemoryFlowIsland" */ = {
			isa = XCConfigurationList;
			buildConfigurations = (
				B001001500000000000000001 /* Debug */,
				B001001600000000000000001 /* Release */,
			);
			defaultConfigurationIsVisible = 0;
			defaultConfigurationName = Release;
		};
/* End XCConfigurationList section */

/* Begin XCRemoteSwiftPackageReference section */
		FA1204010000000000000001 /* XCRemoteSwiftPackageReference "Sparkle" */ = {
			isa = XCRemoteSwiftPackageReference;
			repositoryURL = "https://github.com/sparkle-project/Sparkle";
			requirement = { kind = upToNextMajorVersion; minimumVersion = 2.6.4; };
		};
/* End XCRemoteSwiftPackageReference section */

/* Begin XCSwiftPackageProductDependency section */
		FA1203010000000000000001 /* Sparkle */ = {
			isa = XCSwiftPackageProductDependency;
			package = FA1204010000000000000001 /* XCRemoteSwiftPackageReference "Sparkle" */;
			productName = Sparkle;
		};
/* End XCSwiftPackageProductDependency section */
	};
	rootObject = B001000F0000000000000001 /* Project object */;
}
